
Microsoft Visual Studio Solution File, Format Version 12.00
# Visual Studio 15
VisualStudioVersion = 15.0.28307.572
MinimumVisualStudioVersion = 10.0.40219.1
Project("{FAE04EC0-301F-11D3-BF4B-00C04F79EFBC}") = "View", "View\View.csproj", "{1A586BA2-C63A-4C66-9087-D50804A8FE7D}"
EndProject
Project("{FAE04EC0-301F-11D3-BF4B-00C04F79EFBC}") = "Model", "Model\Model.csproj", "{55830C6E-661F-4864-A1E0-F6617C7D768C}"
EndProject
Project("{FAE04EC0-301F-11D3-BF4B-00C04F79EFBC}") = "Repository", "Repository\Repository.csproj", "{F28A614E-0E2E-4AE3-8231-D9FCDE94F8A5}"
EndProject
Global
	GlobalSection(SolutionConfigurationPlatforms) = preSolution
		Debug|Any CPU = Debug|Any CPU
		Release|Any CPU = Release|Any CPU
	EndGlobalSection
	GlobalSection(ProjectConfigurationPlatforms) = postSolution
		{1A586BA2-C63A-4C66-9087-D50804A8FE7D}.Debug|Any CPU.ActiveCfg = Debug|Any CPU
		{1A586BA2-C63A-4C66-9087-D50804A8FE7D}.Debug|Any CPU.Build.0 = Debug|Any CPU
		{1A586BA2-C63A-4C66-9087-D50804A8FE7D}.Release|Any CPU.ActiveCfg = Release|Any CPU
		{1A586BA2-C63A-4C66-9087-D50804A8FE7D}.Release|Any CPU.Build.0 = Release|Any CPU
		{55830C6E-661F-4864-A1E0-F6617C7D768C}.Debug|Any CPU.ActiveCfg = Debug|Any CPU
		{55830C6E-661F-4864-A1E0-F6617C7D768C}.Debug|Any CPU.Build.0 = Debug|Any CPU
		{55830C6E-661F-4864-A1E0-F6617C7D768C}.Release|Any CPU.ActiveCfg = Release|Any CPU
		{55830C6E-661F-4864-A1E0-F6617C7D768C}.Release|Any CPU.Build.0 = Release|Any CPU
		{F28A614E-0E2E-4AE3-8231-D9FCDE94F8A5}.Debug|Any CPU.ActiveCfg = Debug|Any CPU
		{F28A614E-0E2E-4AE3-8231-D9FCDE94F8A5}.Debug|Any CPU.Build.0 = Debug|Any CPU
		{F28A614E-0E2E-4AE3-8231-D9FCDE94F8A5}.Release|Any CPU.ActiveCfg = Release|Any CPU
		{F28A614E-0E2E-4AE3-8231-D9FCDE94F8A5}.Release|Any CPU.Build.0 = Release|Any CPU
	EndGlobalSection
	GlobalSection(SolutionProperties) = preSolution
		HideSolutionNode = FALSE
	EndGlobalSection
	GlobalSection(ExtensibilityGlobals) = postSolution
		SolutionGuid = {7E3A1B2C-8CD1-4ED9-B23B-5536DC98A808}
	EndGlobalSection
EndGlobal
